
Microsoft Visual Studio Solution File, Format Version 12.00
# Visual Studio Version 16
VisualStudioVersion = 16.0.31515.178
MinimumVisualStudioVersion = 10.0.40219.1
Project("{FAE04EC0-301F-11D3-BF4B-00C04F79EFBC}") = "PSI_test_telka", "PSI_test_telka\PSI_test_telka.csproj", "{799CF34D-C1A5-4BBF-8F42-269605DC109D}"
EndProject
Global
	GlobalSection(SolutionConfigurationPlatforms) = preSolution
		Debug|Any CPU = Debug|Any CPU
		Release|Any CPU = Release|Any CPU
	EndGlobalSection
	GlobalSection(ProjectConfigurationPlatforms) = postSolution
		{799CF34D-C1A5-4BBF-8F42-269605DC109D}.Debug|Any CPU.ActiveCfg = Debug|Any CPU
		{799CF34D-C1A5-4BBF-8F42-269605DC109D}.Debug|Any CPU.Build.0 = Debug|Any CPU
		{799CF34D-C1A5-4BBF-8F42-269605DC109D}.Release|Any CPU.ActiveCfg = Release|Any CPU
		{799CF34D-C1A5-4BBF-8F42-269605DC109D}.Release|Any CPU.Build.0 = Release|Any CPU
	EndGlobalSection
	GlobalSection(SolutionProperties) = preSolution
		HideSolutionNode = FALSE
	EndGlobalSection
	GlobalSection(ExtensibilityGlobals) = postSolution
		SolutionGuid = {34BC12AC-C701-4A36-A926-67979AC74511}
	EndGlobalSection
EndGlobal
